
Microsoft Visual Studio Solution File, Format Version 12.00
# Visual Studio Version 16
VisualStudioVersion = 16.0.31911.196
MinimumVisualStudioVersion = 10.0.40219.1
Project("{FAE04EC0-301F-11D3-BF4B-00C04F79EFBC}") = "ExcelConsoleRead2", "ExcelConsoleRead2.csproj", "{60549C49-B118-498C-B3A5-2A41F2A38680}"
EndProject
Project("{54435603-DBB4-11D2-8724-00A0C9A8B90C}") = "ExcelAddin", "C:\Users\user\Desktop\Computers\5. Installation Files\ExcelAddin\ExcelAddin.vdproj", "{D6312AFC-CF21-468D-8337-0C96A416B432}"
EndProject
Global
	GlobalSection(SolutionConfigurationPlatforms) = preSolution
		Debug|Any CPU = Debug|Any CPU
		Release|Any CPU = Release|Any CPU
	EndGlobalSection
	GlobalSection(ProjectConfigurationPlatforms) = postSolution
		{60549C49-B118-498C-B3A5-2A41F2A38680}.Debug|Any CPU.ActiveCfg = Debug|Any CPU
		{60549C49-B118-498C-B3A5-2A41F2A38680}.Debug|Any CPU.Build.0 = Debug|Any CPU
		{60549C49-B118-498C-B3A5-2A41F2A38680}.Release|Any CPU.ActiveCfg = Release|Any CPU
		{60549C49-B118-498C-B3A5-2A41F2A38680}.Release|Any CPU.Build.0 = Release|Any CPU
		{D6312AFC-CF21-468D-8337-0C96A416B432}.Debug|Any CPU.ActiveCfg = Debug
		{D6312AFC-CF21-468D-8337-0C96A416B432}.Release|Any CPU.ActiveCfg = Release
	EndGlobalSection
	GlobalSection(SolutionProperties) = preSolution
		HideSolutionNode = FALSE
	EndGlobalSection
	GlobalSection(ExtensibilityGlobals) = postSolution
		SolutionGuid = {EC80309D-1E87-47D3-9994-F46D82227B97}
	EndGlobalSection
EndGlobal
